# Generated by Raz. Do not edit manually.
version = 1

[[package]]
name = "raz-package-demo"
version = "0.1.0"
kind = "executable"
path = "."
manifest_hash = "da6b4e7698477978"

[[package]]
name = "regex"
version = "0.2.1"
kind = "static-library"
path = "registry:101bc294f86aee7e"
source = "registry"
checksum = "101bc294f86aee7e"
manifest_hash = "af0d950b9e0b7fa2"

